{
  "name": "guides",
  "version": "1.0.0",
  "lockfileVersion": 3,
  "requires": true,
  "packages": {
    "": {
      "name": "guides",
      "version": "1.0.0",
      "license": "ISC",
      "dependencies": {
        "matomo-lite-tracker": "github:Findus23/MatomoLiteTracker"
      }
    },
    "node_modules/matomo-lite-tracker": {
      "version": "1.0.0",
      "resolved": "git+ssh://git@github.com/Findus23/MatomoLiteTracker.git#eda41aac10eeb3643ceb0cfb0b5a5e91a8d1bbd5",
      "license": "BSD-3-Clause"
    }
  }
}
